PODS:
  - Kanna (4.0.2)
  - RxAtomic (4.4.0)
  - RxCocoa (4.4.0):
    - RxSwift (~> 4.0)
  - RxSwift (4.4.0):
    - RxAtomic (~> 4.4)
  - SDWebImage (4.4.3):
    - SDWebImage/Core (= 4.4.3)
  - SDWebImage/Core (4.4.3)

DEPENDENCIES:
  - Kanna (~> 4.0.0)
  - RxCocoa (~> 4.0)
  - RxSwift (~> 4.0)
  - SDWebImage (~> 4.0)

SPEC REPOS:
  https://github.com/cocoapods/specs.git:
    - Kanna
    - RxAtomic
    - RxCocoa
    - RxSwift
    - SDWebImage

SPEC CHECKSUMS:
  Kanna: c60b61d72554bf04ed1ee074f9b379855cab4892
  RxAtomic: eacf60db868c96bfd63320e28619fe29c179656f
  RxCocoa: df63ebf7b9a70d6b4eeea407ed5dd4efc8979749
  RxSwift: 5976ecd04fc2fefd648827c23de5e11157faa973
  SDWebImage: c5594f1a19c48d526d321e548902b56b479cd508

PODFILE CHECKSUM: 4f2be68cf7687a15a0dbf4d5d1b6e6aa69f7078f

COCOAPODS: 1.5.3
